
Microsoft Visual Studio Solution File, Format Version 12.00
# Visual Studio Version 16
VisualStudioVersion = 16.0.32126.315
MinimumVisualStudioVersion = 10.0.40219.1
Project("{FAE04EC0-301F-11D3-BF4B-00C04F79EFBC}") = "Search_Names", "Search_Names\Search_Names.csproj", "{C1C08BC9-B30F-4DAF-AFF7-FFC652D50F0C}"
EndProject
Global
	GlobalSection(SolutionConfigurationPlatforms) = preSolution
		Debug|Any CPU = Debug|Any CPU
		Release|Any CPU = Release|Any CPU
	EndGlobalSection
	GlobalSection(ProjectConfigurationPlatforms) = postSolution
		{C1C08BC9-B30F-4DAF-AFF7-FFC652D50F0C}.Debug|Any CPU.ActiveCfg = Debug|Any CPU
		{C1C08BC9-B30F-4DAF-AFF7-FFC652D50F0C}.Debug|Any CPU.Build.0 = Debug|Any CPU
		{C1C08BC9-B30F-4DAF-AFF7-FFC652D50F0C}.Release|Any CPU.ActiveCfg = Release|Any CPU
		{C1C08BC9-B30F-4DAF-AFF7-FFC652D50F0C}.Release|Any CPU.Build.0 = Release|Any CPU
	EndGlobalSection
	GlobalSection(SolutionProperties) = preSolution
		HideSolutionNode = FALSE
	EndGlobalSection
	GlobalSection(ExtensibilityGlobals) = postSolution
		SolutionGuid = {98EDA4E7-A9AA-4D0D-AB0D-3C37B1B2B538}
	EndGlobalSection
EndGlobal
